
Microsoft Visual Studio Solution File, Format Version 12.00
# Visual Studio Version 16
VisualStudioVersion = 16.0.35325.158
MinimumVisualStudioVersion = 10.0.40219.1
Project("{FAE04EC0-301F-11D3-BF4B-00C04F79EFBC}") = "uygulama-58", "uygulama-58\uygulama-58.csproj", "{E1731A66-6B47-4BBF-98E1-5B3273099306}"
EndProject
Global
	GlobalSection(SolutionConfigurationPlatforms) = preSolution
		Debug|Any CPU = Debug|Any CPU
		Release|Any CPU = Release|Any CPU
	EndGlobalSection
	GlobalSection(ProjectConfigurationPlatforms) = postSolution
		{E1731A66-6B47-4BBF-98E1-5B3273099306}.Debug|Any CPU.ActiveCfg = Debug|Any CPU
		{E1731A66-6B47-4BBF-98E1-5B3273099306}.Debug|Any CPU.Build.0 = Debug|Any CPU
		{E1731A66-6B47-4BBF-98E1-5B3273099306}.Release|Any CPU.ActiveCfg = Release|Any CPU
		{E1731A66-6B47-4BBF-98E1-5B3273099306}.Release|Any CPU.Build.0 = Release|Any CPU
	EndGlobalSection
	GlobalSection(SolutionProperties) = preSolution
		HideSolutionNode = FALSE
	EndGlobalSection
	GlobalSection(ExtensibilityGlobals) = postSolution
		SolutionGuid = {581E31B2-7712-4745-AF21-BE3BC8D38B14}
	EndGlobalSection
EndGlobal
