
Microsoft Visual Studio Solution File, Format Version 12.00
# Visual Studio Version 16
VisualStudioVersion = 16.0.35325.158
MinimumVisualStudioVersion = 10.0.40219.1
Project("{FAE04EC0-301F-11D3-BF4B-00C04F79EFBC}") = "uygulama-20", "uygulama-20\uygulama-20.csproj", "{2C95A7F1-B78B-4B54-8782-A1FE83E7B7FB}"
EndProject
Global
	GlobalSection(SolutionConfigurationPlatforms) = preSolution
		Debug|Any CPU = Debug|Any CPU
		Release|Any CPU = Release|Any CPU
	EndGlobalSection
	GlobalSection(ProjectConfigurationPlatforms) = postSolution
		{2C95A7F1-B78B-4B54-8782-A1FE83E7B7FB}.Debug|Any CPU.ActiveCfg = Debug|Any CPU
		{2C95A7F1-B78B-4B54-8782-A1FE83E7B7FB}.Debug|Any CPU.Build.0 = Debug|Any CPU
		{2C95A7F1-B78B-4B54-8782-A1FE83E7B7FB}.Release|Any CPU.ActiveCfg = Release|Any CPU
		{2C95A7F1-B78B-4B54-8782-A1FE83E7B7FB}.Release|Any CPU.Build.0 = Release|Any CPU
	EndGlobalSection
	GlobalSection(SolutionProperties) = preSolution
		HideSolutionNode = FALSE
	EndGlobalSection
	GlobalSection(ExtensibilityGlobals) = postSolution
		SolutionGuid = {CE6B764B-0ED5-4814-BD8B-2570C1F6518B}
	EndGlobalSection
EndGlobal
