
Microsoft Visual Studio Solution File, Format Version 12.00
# Visual Studio Version 16
VisualStudioVersion = 16.0.35325.158
MinimumVisualStudioVersion = 10.0.40219.1
Project("{FAE04EC0-301F-11D3-BF4B-00C04F79EFBC}") = "uygulama-12", "uygulama-12\uygulama-12.csproj", "{60D0613B-5FB0-43C3-B24B-9E888C968760}"
EndProject
Global
	GlobalSection(SolutionConfigurationPlatforms) = preSolution
		Debug|Any CPU = Debug|Any CPU
		Release|Any CPU = Release|Any CPU
	EndGlobalSection
	GlobalSection(ProjectConfigurationPlatforms) = postSolution
		{60D0613B-5FB0-43C3-B24B-9E888C968760}.Debug|Any CPU.ActiveCfg = Debug|Any CPU
		{60D0613B-5FB0-43C3-B24B-9E888C968760}.Debug|Any CPU.Build.0 = Debug|Any CPU
		{60D0613B-5FB0-43C3-B24B-9E888C968760}.Release|Any CPU.ActiveCfg = Release|Any CPU
		{60D0613B-5FB0-43C3-B24B-9E888C968760}.Release|Any CPU.Build.0 = Release|Any CPU
	EndGlobalSection
	GlobalSection(SolutionProperties) = preSolution
		HideSolutionNode = FALSE
	EndGlobalSection
	GlobalSection(ExtensibilityGlobals) = postSolution
		SolutionGuid = {31A1F0EB-AC79-40B7-90FA-673AD15BDE4D}
	EndGlobalSection
EndGlobal
