
Microsoft Visual Studio Solution File, Format Version 12.00
# Visual Studio Version 16
VisualStudioVersion = 16.0.35325.158
MinimumVisualStudioVersion = 10.0.40219.1
Project("{FAE04EC0-301F-11D3-BF4B-00C04F79EFBC}") = "uygulama-50", "uygulama-50\uygulama-50.csproj", "{02C690B9-A807-44D4-8A23-85F363AF77EA}"
EndProject
Global
	GlobalSection(SolutionConfigurationPlatforms) = preSolution
		Debug|Any CPU = Debug|Any CPU
		Release|Any CPU = Release|Any CPU
	EndGlobalSection
	GlobalSection(ProjectConfigurationPlatforms) = postSolution
		{02C690B9-A807-44D4-8A23-85F363AF77EA}.Debug|Any CPU.ActiveCfg = Debug|Any CPU
		{02C690B9-A807-44D4-8A23-85F363AF77EA}.Debug|Any CPU.Build.0 = Debug|Any CPU
		{02C690B9-A807-44D4-8A23-85F363AF77EA}.Release|Any CPU.ActiveCfg = Release|Any CPU
		{02C690B9-A807-44D4-8A23-85F363AF77EA}.Release|Any CPU.Build.0 = Release|Any CPU
	EndGlobalSection
	GlobalSection(SolutionProperties) = preSolution
		HideSolutionNode = FALSE
	EndGlobalSection
	GlobalSection(ExtensibilityGlobals) = postSolution
		SolutionGuid = {2E925727-D077-4DD6-80F0-D248482EC645}
	EndGlobalSection
EndGlobal
