
Microsoft Visual Studio Solution File, Format Version 12.00
# Visual Studio Version 16
VisualStudioVersion = 16.0.35325.158
MinimumVisualStudioVersion = 10.0.40219.1
Project("{FAE04EC0-301F-11D3-BF4B-00C04F79EFBC}") = "uygulama-47", "uygulama-47\uygulama-47.csproj", "{5CD45D59-15EC-4352-9FD6-FAA80BC8F2B0}"
EndProject
Global
	GlobalSection(SolutionConfigurationPlatforms) = preSolution
		Debug|Any CPU = Debug|Any CPU
		Release|Any CPU = Release|Any CPU
	EndGlobalSection
	GlobalSection(ProjectConfigurationPlatforms) = postSolution
		{5CD45D59-15EC-4352-9FD6-FAA80BC8F2B0}.Debug|Any CPU.ActiveCfg = Debug|Any CPU
		{5CD45D59-15EC-4352-9FD6-FAA80BC8F2B0}.Debug|Any CPU.Build.0 = Debug|Any CPU
		{5CD45D59-15EC-4352-9FD6-FAA80BC8F2B0}.Release|Any CPU.ActiveCfg = Release|Any CPU
		{5CD45D59-15EC-4352-9FD6-FAA80BC8F2B0}.Release|Any CPU.Build.0 = Release|Any CPU
	EndGlobalSection
	GlobalSection(SolutionProperties) = preSolution
		HideSolutionNode = FALSE
	EndGlobalSection
	GlobalSection(ExtensibilityGlobals) = postSolution
		SolutionGuid = {D53376A3-E552-43C2-A34F-21DB0A044105}
	EndGlobalSection
EndGlobal
