
Microsoft Visual Studio Solution File, Format Version 12.00
# Visual Studio Version 16
VisualStudioVersion = 16.0.35325.158
MinimumVisualStudioVersion = 10.0.40219.1
Project("{FAE04EC0-301F-11D3-BF4B-00C04F79EFBC}") = "uygulama-64", "uygulama-64\uygulama-64.csproj", "{BFD7192C-7E15-4313-9AE5-8714B033A0D7}"
EndProject
Global
	GlobalSection(SolutionConfigurationPlatforms) = preSolution
		Debug|Any CPU = Debug|Any CPU
		Release|Any CPU = Release|Any CPU
	EndGlobalSection
	GlobalSection(ProjectConfigurationPlatforms) = postSolution
		{BFD7192C-7E15-4313-9AE5-8714B033A0D7}.Debug|Any CPU.ActiveCfg = Debug|Any CPU
		{BFD7192C-7E15-4313-9AE5-8714B033A0D7}.Debug|Any CPU.Build.0 = Debug|Any CPU
		{BFD7192C-7E15-4313-9AE5-8714B033A0D7}.Release|Any CPU.ActiveCfg = Release|Any CPU
		{BFD7192C-7E15-4313-9AE5-8714B033A0D7}.Release|Any CPU.Build.0 = Release|Any CPU
	EndGlobalSection
	GlobalSection(SolutionProperties) = preSolution
		HideSolutionNode = FALSE
	EndGlobalSection
	GlobalSection(ExtensibilityGlobals) = postSolution
		SolutionGuid = {5214400F-E8A3-45DD-9C12-35A6EE5314E6}
	EndGlobalSection
EndGlobal
