
Microsoft Visual Studio Solution File, Format Version 12.00
# Visual Studio Version 16
VisualStudioVersion = 16.0.35325.158
MinimumVisualStudioVersion = 10.0.40219.1
Project("{FAE04EC0-301F-11D3-BF4B-00C04F79EFBC}") = "uygulama-59", "uygulama-59\uygulama-59.csproj", "{7D345F59-2DB1-446C-B335-FFF33D0DB065}"
EndProject
Global
	GlobalSection(SolutionConfigurationPlatforms) = preSolution
		Debug|Any CPU = Debug|Any CPU
		Release|Any CPU = Release|Any CPU
	EndGlobalSection
	GlobalSection(ProjectConfigurationPlatforms) = postSolution
		{7D345F59-2DB1-446C-B335-FFF33D0DB065}.Debug|Any CPU.ActiveCfg = Debug|Any CPU
		{7D345F59-2DB1-446C-B335-FFF33D0DB065}.Debug|Any CPU.Build.0 = Debug|Any CPU
		{7D345F59-2DB1-446C-B335-FFF33D0DB065}.Release|Any CPU.ActiveCfg = Release|Any CPU
		{7D345F59-2DB1-446C-B335-FFF33D0DB065}.Release|Any CPU.Build.0 = Release|Any CPU
	EndGlobalSection
	GlobalSection(SolutionProperties) = preSolution
		HideSolutionNode = FALSE
	EndGlobalSection
	GlobalSection(ExtensibilityGlobals) = postSolution
		SolutionGuid = {6CA72C37-41A0-44C2-BA0D-A72E27E9FB8A}
	EndGlobalSection
EndGlobal
