
Microsoft Visual Studio Solution File, Format Version 12.00
# Visual Studio Version 16
VisualStudioVersion = 16.0.35325.158
MinimumVisualStudioVersion = 10.0.40219.1
Project("{FAE04EC0-301F-11D3-BF4B-00C04F79EFBC}") = "uygulama-48", "uygulama-48\uygulama-48.csproj", "{52AA661C-A2D0-4071-A322-00F2E0283748}"
EndProject
Global
	GlobalSection(SolutionConfigurationPlatforms) = preSolution
		Debug|Any CPU = Debug|Any CPU
		Release|Any CPU = Release|Any CPU
	EndGlobalSection
	GlobalSection(ProjectConfigurationPlatforms) = postSolution
		{52AA661C-A2D0-4071-A322-00F2E0283748}.Debug|Any CPU.ActiveCfg = Debug|Any CPU
		{52AA661C-A2D0-4071-A322-00F2E0283748}.Debug|Any CPU.Build.0 = Debug|Any CPU
		{52AA661C-A2D0-4071-A322-00F2E0283748}.Release|Any CPU.ActiveCfg = Release|Any CPU
		{52AA661C-A2D0-4071-A322-00F2E0283748}.Release|Any CPU.Build.0 = Release|Any CPU
	EndGlobalSection
	GlobalSection(SolutionProperties) = preSolution
		HideSolutionNode = FALSE
	EndGlobalSection
	GlobalSection(ExtensibilityGlobals) = postSolution
		SolutionGuid = {F7A3982C-4A6F-4305-9F61-5C974E284585}
	EndGlobalSection
EndGlobal
