
Microsoft Visual Studio Solution File, Format Version 12.00
# Visual Studio Version 16
VisualStudioVersion = 16.0.35325.158
MinimumVisualStudioVersion = 10.0.40219.1
Project("{FAE04EC0-301F-11D3-BF4B-00C04F79EFBC}") = "uygulama-45", "uygulama-45\uygulama-45.csproj", "{4395939F-524D-43E1-A689-84E7B87D99D9}"
EndProject
Global
	GlobalSection(SolutionConfigurationPlatforms) = preSolution
		Debug|Any CPU = Debug|Any CPU
		Release|Any CPU = Release|Any CPU
	EndGlobalSection
	GlobalSection(ProjectConfigurationPlatforms) = postSolution
		{4395939F-524D-43E1-A689-84E7B87D99D9}.Debug|Any CPU.ActiveCfg = Debug|Any CPU
		{4395939F-524D-43E1-A689-84E7B87D99D9}.Debug|Any CPU.Build.0 = Debug|Any CPU
		{4395939F-524D-43E1-A689-84E7B87D99D9}.Release|Any CPU.ActiveCfg = Release|Any CPU
		{4395939F-524D-43E1-A689-84E7B87D99D9}.Release|Any CPU.Build.0 = Release|Any CPU
	EndGlobalSection
	GlobalSection(SolutionProperties) = preSolution
		HideSolutionNode = FALSE
	EndGlobalSection
	GlobalSection(ExtensibilityGlobals) = postSolution
		SolutionGuid = {F775E948-9B30-44ED-8090-79B8B1C883C4}
	EndGlobalSection
EndGlobal
