
Microsoft Visual Studio Solution File, Format Version 12.00
# Visual Studio Version 16
VisualStudioVersion = 16.0.35325.158
MinimumVisualStudioVersion = 10.0.40219.1
Project("{FAE04EC0-301F-11D3-BF4B-00C04F79EFBC}") = "uygulama-37", "uygulama-37\uygulama-37.csproj", "{C639D2DE-7793-414F-B036-26AD7D8ADCBD}"
EndProject
Global
	GlobalSection(SolutionConfigurationPlatforms) = preSolution
		Debug|Any CPU = Debug|Any CPU
		Release|Any CPU = Release|Any CPU
	EndGlobalSection
	GlobalSection(ProjectConfigurationPlatforms) = postSolution
		{C639D2DE-7793-414F-B036-26AD7D8ADCBD}.Debug|Any CPU.ActiveCfg = Debug|Any CPU
		{C639D2DE-7793-414F-B036-26AD7D8ADCBD}.Debug|Any CPU.Build.0 = Debug|Any CPU
		{C639D2DE-7793-414F-B036-26AD7D8ADCBD}.Release|Any CPU.ActiveCfg = Release|Any CPU
		{C639D2DE-7793-414F-B036-26AD7D8ADCBD}.Release|Any CPU.Build.0 = Release|Any CPU
	EndGlobalSection
	GlobalSection(SolutionProperties) = preSolution
		HideSolutionNode = FALSE
	EndGlobalSection
	GlobalSection(ExtensibilityGlobals) = postSolution
		SolutionGuid = {7C85634F-EFC9-4423-95EB-96F925FB74E6}
	EndGlobalSection
EndGlobal
