
Microsoft Visual Studio Solution File, Format Version 12.00
# Visual Studio Version 16
VisualStudioVersion = 16.0.35325.158
MinimumVisualStudioVersion = 10.0.40219.1
Project("{FAE04EC0-301F-11D3-BF4B-00C04F79EFBC}") = "uygulama-44", "uygulama-44\uygulama-44.csproj", "{3189573B-E56F-4CB2-AA64-375E128E97AE}"
EndProject
Global
	GlobalSection(SolutionConfigurationPlatforms) = preSolution
		Debug|Any CPU = Debug|Any CPU
		Release|Any CPU = Release|Any CPU
	EndGlobalSection
	GlobalSection(ProjectConfigurationPlatforms) = postSolution
		{3189573B-E56F-4CB2-AA64-375E128E97AE}.Debug|Any CPU.ActiveCfg = Debug|Any CPU
		{3189573B-E56F-4CB2-AA64-375E128E97AE}.Debug|Any CPU.Build.0 = Debug|Any CPU
		{3189573B-E56F-4CB2-AA64-375E128E97AE}.Release|Any CPU.ActiveCfg = Release|Any CPU
		{3189573B-E56F-4CB2-AA64-375E128E97AE}.Release|Any CPU.Build.0 = Release|Any CPU
	EndGlobalSection
	GlobalSection(SolutionProperties) = preSolution
		HideSolutionNode = FALSE
	EndGlobalSection
	GlobalSection(ExtensibilityGlobals) = postSolution
		SolutionGuid = {5A033E17-10B6-448A-B887-A8ACD685CBA1}
	EndGlobalSection
EndGlobal
