
Microsoft Visual Studio Solution File, Format Version 12.00
# Visual Studio Version 16
VisualStudioVersion = 16.0.35325.158
MinimumVisualStudioVersion = 10.0.40219.1
Project("{FAE04EC0-301F-11D3-BF4B-00C04F79EFBC}") = "uygulama-41", "uygulama-41\uygulama-41.csproj", "{3EADC046-A3F6-4314-9353-4920AC24D963}"
EndProject
Global
	GlobalSection(SolutionConfigurationPlatforms) = preSolution
		Debug|Any CPU = Debug|Any CPU
		Release|Any CPU = Release|Any CPU
	EndGlobalSection
	GlobalSection(ProjectConfigurationPlatforms) = postSolution
		{3EADC046-A3F6-4314-9353-4920AC24D963}.Debug|Any CPU.ActiveCfg = Debug|Any CPU
		{3EADC046-A3F6-4314-9353-4920AC24D963}.Debug|Any CPU.Build.0 = Debug|Any CPU
		{3EADC046-A3F6-4314-9353-4920AC24D963}.Release|Any CPU.ActiveCfg = Release|Any CPU
		{3EADC046-A3F6-4314-9353-4920AC24D963}.Release|Any CPU.Build.0 = Release|Any CPU
	EndGlobalSection
	GlobalSection(SolutionProperties) = preSolution
		HideSolutionNode = FALSE
	EndGlobalSection
	GlobalSection(ExtensibilityGlobals) = postSolution
		SolutionGuid = {6BD50754-2BE0-4408-93E1-31B3D623DD3A}
	EndGlobalSection
EndGlobal
