
Microsoft Visual Studio Solution File, Format Version 12.00
# Visual Studio Version 16
VisualStudioVersion = 16.0.35325.158
MinimumVisualStudioVersion = 10.0.40219.1
Project("{FAE04EC0-301F-11D3-BF4B-00C04F79EFBC}") = "uygulama-72", "uygulama-72\uygulama-72.csproj", "{5986914B-60EC-482D-85D9-623FE91969DA}"
EndProject
Global
	GlobalSection(SolutionConfigurationPlatforms) = preSolution
		Debug|Any CPU = Debug|Any CPU
		Release|Any CPU = Release|Any CPU
	EndGlobalSection
	GlobalSection(ProjectConfigurationPlatforms) = postSolution
		{5986914B-60EC-482D-85D9-623FE91969DA}.Debug|Any CPU.ActiveCfg = Debug|Any CPU
		{5986914B-60EC-482D-85D9-623FE91969DA}.Debug|Any CPU.Build.0 = Debug|Any CPU
		{5986914B-60EC-482D-85D9-623FE91969DA}.Release|Any CPU.ActiveCfg = Release|Any CPU
		{5986914B-60EC-482D-85D9-623FE91969DA}.Release|Any CPU.Build.0 = Release|Any CPU
	EndGlobalSection
	GlobalSection(SolutionProperties) = preSolution
		HideSolutionNode = FALSE
	EndGlobalSection
	GlobalSection(ExtensibilityGlobals) = postSolution
		SolutionGuid = {90DB75D2-EDD9-42BF-BCE9-7A74E44F8504}
	EndGlobalSection
EndGlobal
