
Microsoft Visual Studio Solution File, Format Version 12.00
# Visual Studio Version 16
VisualStudioVersion = 16.0.35325.158
MinimumVisualStudioVersion = 10.0.40219.1
Project("{FAE04EC0-301F-11D3-BF4B-00C04F79EFBC}") = "uygulama-17", "uygulama-17\uygulama-17.csproj", "{BFC11D33-BDB2-409A-8F36-C791FDB8609C}"
EndProject
Global
	GlobalSection(SolutionConfigurationPlatforms) = preSolution
		Debug|Any CPU = Debug|Any CPU
		Release|Any CPU = Release|Any CPU
	EndGlobalSection
	GlobalSection(ProjectConfigurationPlatforms) = postSolution
		{BFC11D33-BDB2-409A-8F36-C791FDB8609C}.Debug|Any CPU.ActiveCfg = Debug|Any CPU
		{BFC11D33-BDB2-409A-8F36-C791FDB8609C}.Debug|Any CPU.Build.0 = Debug|Any CPU
		{BFC11D33-BDB2-409A-8F36-C791FDB8609C}.Release|Any CPU.ActiveCfg = Release|Any CPU
		{BFC11D33-BDB2-409A-8F36-C791FDB8609C}.Release|Any CPU.Build.0 = Release|Any CPU
	EndGlobalSection
	GlobalSection(SolutionProperties) = preSolution
		HideSolutionNode = FALSE
	EndGlobalSection
	GlobalSection(ExtensibilityGlobals) = postSolution
		SolutionGuid = {C9CB577C-B602-4DAE-85FA-5C0D7DBC1028}
	EndGlobalSection
EndGlobal
