
Microsoft Visual Studio Solution File, Format Version 12.00
# Visual Studio Version 16
VisualStudioVersion = 16.0.35325.158
MinimumVisualStudioVersion = 10.0.40219.1
Project("{FAE04EC0-301F-11D3-BF4B-00C04F79EFBC}") = "uygulama-54", "uygulama-54\uygulama-54.csproj", "{08AA91C1-0874-4A36-939C-62A90C5F87D4}"
EndProject
Global
	GlobalSection(SolutionConfigurationPlatforms) = preSolution
		Debug|Any CPU = Debug|Any CPU
		Release|Any CPU = Release|Any CPU
	EndGlobalSection
	GlobalSection(ProjectConfigurationPlatforms) = postSolution
		{08AA91C1-0874-4A36-939C-62A90C5F87D4}.Debug|Any CPU.ActiveCfg = Debug|Any CPU
		{08AA91C1-0874-4A36-939C-62A90C5F87D4}.Debug|Any CPU.Build.0 = Debug|Any CPU
		{08AA91C1-0874-4A36-939C-62A90C5F87D4}.Release|Any CPU.ActiveCfg = Release|Any CPU
		{08AA91C1-0874-4A36-939C-62A90C5F87D4}.Release|Any CPU.Build.0 = Release|Any CPU
	EndGlobalSection
	GlobalSection(SolutionProperties) = preSolution
		HideSolutionNode = FALSE
	EndGlobalSection
	GlobalSection(ExtensibilityGlobals) = postSolution
		SolutionGuid = {05B0F3EA-0D88-4126-8AE2-482C04ED5C76}
	EndGlobalSection
EndGlobal
