
Microsoft Visual Studio Solution File, Format Version 12.00
# Visual Studio Version 16
VisualStudioVersion = 16.0.35325.158
MinimumVisualStudioVersion = 10.0.40219.1
Project("{FAE04EC0-301F-11D3-BF4B-00C04F79EFBC}") = "uygulama-46", "uygulama-46\uygulama-46.csproj", "{DA9BEBF1-1E56-44E9-8B2E-F55BAA9421BB}"
EndProject
Global
	GlobalSection(SolutionConfigurationPlatforms) = preSolution
		Debug|Any CPU = Debug|Any CPU
		Release|Any CPU = Release|Any CPU
	EndGlobalSection
	GlobalSection(ProjectConfigurationPlatforms) = postSolution
		{DA9BEBF1-1E56-44E9-8B2E-F55BAA9421BB}.Debug|Any CPU.ActiveCfg = Debug|Any CPU
		{DA9BEBF1-1E56-44E9-8B2E-F55BAA9421BB}.Debug|Any CPU.Build.0 = Debug|Any CPU
		{DA9BEBF1-1E56-44E9-8B2E-F55BAA9421BB}.Release|Any CPU.ActiveCfg = Release|Any CPU
		{DA9BEBF1-1E56-44E9-8B2E-F55BAA9421BB}.Release|Any CPU.Build.0 = Release|Any CPU
	EndGlobalSection
	GlobalSection(SolutionProperties) = preSolution
		HideSolutionNode = FALSE
	EndGlobalSection
	GlobalSection(ExtensibilityGlobals) = postSolution
		SolutionGuid = {6F37CD9C-D934-4E1D-9C2E-1470D78957F3}
	EndGlobalSection
EndGlobal
