
Microsoft Visual Studio Solution File, Format Version 12.00
# Visual Studio Version 16
VisualStudioVersion = 16.0.35325.158
MinimumVisualStudioVersion = 10.0.40219.1
Project("{FAE04EC0-301F-11D3-BF4B-00C04F79EFBC}") = "uygullama-29", "uygullama-29\uygullama-29.csproj", "{8CEB1C0E-1A9C-4922-AFFA-11205A5E3437}"
EndProject
Global
	GlobalSection(SolutionConfigurationPlatforms) = preSolution
		Debug|Any CPU = Debug|Any CPU
		Release|Any CPU = Release|Any CPU
	EndGlobalSection
	GlobalSection(ProjectConfigurationPlatforms) = postSolution
		{8CEB1C0E-1A9C-4922-AFFA-11205A5E3437}.Debug|Any CPU.ActiveCfg = Debug|Any CPU
		{8CEB1C0E-1A9C-4922-AFFA-11205A5E3437}.Debug|Any CPU.Build.0 = Debug|Any CPU
		{8CEB1C0E-1A9C-4922-AFFA-11205A5E3437}.Release|Any CPU.ActiveCfg = Release|Any CPU
		{8CEB1C0E-1A9C-4922-AFFA-11205A5E3437}.Release|Any CPU.Build.0 = Release|Any CPU
	EndGlobalSection
	GlobalSection(SolutionProperties) = preSolution
		HideSolutionNode = FALSE
	EndGlobalSection
	GlobalSection(ExtensibilityGlobals) = postSolution
		SolutionGuid = {E658B11D-9C1C-4454-BA21-FE44BA8DB36B}
	EndGlobalSection
EndGlobal
